// !$*UTF8*$!
{
	archiveVersion = 1;
	classes = {
	};
	objectVersion = 56;
	objects = {

/* Begin PBXBuildFile section */
		47CEE7C3299F1FBC00AB93B0 /* AppDelegate.swift in Sources */ = {isa = PBXBuildFile; fileRef = 47CEE7C2299F1FBC00AB93B0 /* AppDelegate.swift */; };
		47CEE7C5299F1FBC00AB93B0 /* SceneDelegate.swift in Sources */ = {isa = PBXBuildFile; fileRef = 47CEE7C4299F1FBC00AB93B0 /* SceneDelegate.swift */; };
		47CEE7C7299F1FBC00AB93B0 /* ViewController.swift in Sources */ = {isa = PBXBuildFile; fileRef = 47CEE7C6299F1FBC00AB93B0 /* ViewController.swift */; };
		47CEE7CA299F1FBC00AB93B0 /* Main.storyboard in Resources */ = {isa = PBXBuildFile; fileRef = 47CEE7C8299F1FBC00AB93B0 /* Main.storyboard */; };
		47CEE7CC299F1FBF00AB93B0 /* Assets.xcassets in Resources */ = {isa = PBXBuildFile; fileRef = 47CEE7CB299F1FBF00AB93B0 /* Assets.xcassets */; };
		47CEE7CF299F1FBF00AB93B0 /* LaunchScreen.storyboard in Resources */ = {isa = PBXBuildFile; fileRef = 47CEE7CD299F1FBF00AB93B0 /* LaunchScreen.storyboard */; };
		47CEE7D8299F235D00AB93B0 /* Lottie in Frameworks */ = {isa = PBXBuildFile; productRef = 47CEE7D7299F235D00AB93B0 /* Lottie */; };
		47CEE7DA299F252600AB93B0 /* LoaderView.swift in Sources */ = {isa = PBXBuildFile; fileRef = 47CEE7D9299F252600AB93B0 /* LoaderView.swift */; };
		47CEE7DD299F259400AB93B0 /* final.png in Resources */ = {isa = PBXBuildFile; fileRef = 47CEE7DB299F259400AB93B0 /* final.png */; };
		47CEE7DE299F259400AB93B0 /* fish.json in Resources */ = {isa = PBXBuildFile; fileRef = 47CEE7DC299F259400AB93B0 /* fish.json */; };
		47CEE7E129A00A9C00AB93B0 /* weet-run-cycle.json in Resources */ = {isa = PBXBuildFile; fileRef = 47CEE7DF29A00A9C00AB93B0 /* weet-run-cycle.json */; };
		47CEE7E229A00A9C00AB93B0 /* surfing-poodle.json in Resources */ = {isa = PBXBuildFile; fileRef = 47CEE7E029A00A9C00AB93B0 /* surfing-poodle.json */; };
/* End PBXBuildFile section */

/* Begin PBXFileReference section */
		47CEE7BF299F1FBC00AB93B0 /* Practica1.app */ = {isa = PBXFileReference; explicitFileType = wrapper.application; includeInIndex = 0; path = Practica1.app; sourceTree = BUILT_PRODUCTS_DIR; };
		47CEE7C2299F1FBC00AB93B0 /* AppDelegate.swift */ = {isa = PBXFileReference; lastKnownFileType = sourcecode.swift; path = AppDelegate.swift; sourceTree = "<group>"; };
		47CEE7C4299F1FBC00AB93B0 /* SceneDelegate.swift */ = {isa = PBXFileReference; lastKnownFileType = sourcecode.swift; path = SceneDelegate.swift; sourceTree = "<group>"; };
		47CEE7C6299F1FBC00AB93B0 /* ViewController.swift */ = {isa = PBXFileReference; lastKnownFileType = sourcecode.swift; path = ViewController.swift; sourceTree = "<group>"; };
		47CEE7C9299F1FBC00AB93B0 /* Base */ = {isa = PBXFileReference; lastKnownFileType = file.storyboard; name = Base; path = Base.lproj/Main.storyboard; sourceTree = "<group>"; };
		47CEE7CB299F1FBF00AB93B0 /* Assets.xcassets */ = {isa = PBXFileReference; lastKnownFileType = folder.assetcatalog; path = Assets.xcassets; sourceTree = "<group>"; };
		47CEE7CE299F1FBF00AB93B0 /* Base */ = {isa = PBXFileReference; lastKnownFileType = file.storyboard; name = Base; path = Base.lproj/LaunchScreen.storyboard; sourceTree = "<group>"; };
		47CEE7D0299F1FBF00AB93B0 /* Info.plist */ = {isa = PBXFileReference; lastKnownFileType = text.plist.xml; path = Info.plist; sourceTree = "<group>"; };
		47CEE7D9299F252600AB93B0 /* LoaderView.swift */ = {isa = PBXFileReference; lastKnownFileType = sourcecode.swift; path = LoaderView.swift; sourceTree = "<group>"; };
		47CEE7DB299F259400AB93B0 /* final.png */ = {isa = PBXFileReference; lastKnownFileType = image.png; path = final.png; sourceTree = "<group>"; };
		47CEE7DC299F259400AB93B0 /* fish.json */ = {isa = PBXFileReference; fileEncoding = 4; lastKnownFileType = text.json; path = fish.json; sourceTree = "<group>"; };
		47CEE7DF29A00A9C00AB93B0 /* weet-run-cycle.json */ = {isa = PBXFileReference; fileEncoding = 4; lastKnownFileType = text.json; path = "weet-run-cycle.json"; sourceTree = "<group>"; };
		47CEE7E029A00A9C00AB93B0 /* surfing-poodle.json */ = {isa = PBXFileReference; fileEncoding = 4; lastKnownFileType = text.json; path = "surfing-poodle.json"; sourceTree = "<group>"; };
/* End PBXFileReference section */

/* Begin PBXFrameworksBuildPhase section */
		47CEE7BC299F1FBC00AB93B0 /* Frameworks */ = {
			isa = PBXFrameworksBuildPhase;
			buildActionMask = 2147483647;
			files = (
				47CEE7D8299F235D00AB93B0 /* Lottie in Frameworks */,
			);
			runOnlyForDeploymentPostprocessing = 0;
		};
/* End PBXFrameworksBuildPhase section */

/* Begin PBXGroup section */
		47CEE7B6299F1FBC00AB93B0 = {
			isa = PBXGroup;
			children = (
				47CEE7C1299F1FBC00AB93B0 /* Practica1 */,
				47CEE7C0299F1FBC00AB93B0 /* Products */,
			);
			sourceTree = "<group>";
		};
		47CEE7C0299F1FBC00AB93B0 /* Products */ = {
			isa = PBXGroup;
			children = (
				47CEE7BF299F1FBC00AB93B0 /* Practica1.app */,
			);
			name = Products;
			sourceTree = "<group>";
		};
		47CEE7C1299F1FBC00AB93B0 /* Practica1 */ = {
			isa = PBXGroup;
			children = (
				47CEE7DB299F259400AB93B0 /* final.png */,
				47CEE7E029A00A9C00AB93B0 /* surfing-poodle.json */,
				47CEE7DF29A00A9C00AB93B0 /* weet-run-cycle.json */,
				47CEE7DC299F259400AB93B0 /* fish.json */,
				47CEE7C2299F1FBC00AB93B0 /* AppDelegate.swift */,
				47CEE7C4299F1FBC00AB93B0 /* SceneDelegate.swift */,
				47CEE7C6299F1FBC00AB93B0 /* ViewController.swift */,
				47CEE7D9299F252600AB93B0 /* LoaderView.swift */,
				47CEE7C8299F1FBC00AB93B0 /* Main.storyboard */,
				47CEE7CB299F1FBF00AB93B0 /* Assets.xcassets */,
				47CEE7CD299F1FBF00AB93B0 /* LaunchScreen.storyboard */,
				47CEE7D0299F1FBF00AB93B0 /* Info.plist */,
			);
			path = Practica1;
			sourceTree = "<group>";
		};
/* End PBXGroup section */

/* Begin PBXNativeTarget section */
		47CEE7BE299F1FBC00AB93B0 /* Practica1 */ = {
			isa = PBXNativeTarget;
			buildConfigurationList = 47CEE7D3299F1FBF00AB93B0 /* Build configuration list for PBXNativeTarget "Practica1" */;
			buildPhases = (
				47CEE7BB299F1FBC00AB93B0 /* Sources */,
				47CEE7BC299F1FBC00AB93B0 /* Frameworks */,
				47CEE7BD299F1FBC00AB93B0 /* Resources */,
			);
			buildRules = (
			);
			dependencies = (
			);
			name = Practica1;
			packageProductDependencies = (
				47CEE7D7299F235D00AB93B0 /* Lottie */,
			);
			productName = Practica1;
			productReference = 47CEE7BF299F1FBC00AB93B0 /* Practica1.app */;
			productType = "com.apple.product-type.application";
		};
/* End PBXNativeTarget section */

/* Begin PBXProject section */
		47CEE7B7299F1FBC00AB93B0 /* Project object */ = {
			isa = PBXProject;
			attributes = {
				BuildIndependentTargetsInParallel = 1;
				LastSwiftUpdateCheck = 1420;
				LastUpgradeCheck = 1420;
				TargetAttributes = {
					47CEE7BE299F1FBC00AB93B0 = {
						CreatedOnToolsVersion = 14.2;
					};
				};
			};
			buildConfigurationList = 47CEE7BA299F1FBC00AB93B0 /* Build configuration list for PBXProject "Practica1" */;
			compatibilityVersion = "Xcode 14.0";
			developmentRegion = en;
			hasScannedForEncodings = 0;
			knownRegions = (
				en,
				Base,
			);
			mainGroup = 47CEE7B6299F1FBC00AB93B0;
			packageReferences = (
				47CEE7D6299F235D00AB93B0 /* XCRemoteSwiftPackageReference "lottie-ios" */,
			);
			productRefGroup = 47CEE7C0299F1FBC00AB93B0 /* Products */;
			projectDirPath = "";
			projectRoot = "";
			targets = (
				47CEE7BE299F1FBC00AB93B0 /* Practica1 */,
			);
		};
/* End PBXProject section */

/* Begin PBXResourcesBuildPhase section */
		47CEE7BD299F1FBC00AB93B0 /* Resources */ = {
			isa = PBXResourcesBuildPhase;
			buildActionMask = 2147483647;
			files = (
				47CEE7CF299F1FBF00AB93B0 /* LaunchScreen.storyboard in Resources */,
				47CEE7CC299F1FBF00AB93B0 /* Assets.xcassets in Resources */,
				47CEE7DE299F259400AB93B0 /* fish.json in Resources */,
				47CEE7DD299F259400AB93B0 /* final.png in Resources */,
				47CEE7E229A00A9C00AB93B0 /* surfing-poodle.json in Resources */,
				47CEE7CA299F1FBC00AB93B0 /* Main.storyboard in Resources */,
				47CEE7E129A00A9C00AB93B0 /* weet-run-cycle.json in Resources */,
			);
			runOnlyForDeploymentPostprocessing = 0;
		};
/* End PBXResourcesBuildPhase section */

/* Begin PBXSourcesBuildPhase section */
		47CEE7BB299F1FBC00AB93B0 /* Sources */ = {
			isa = PBXSourcesBuildPhase;
			buildActionMask = 2147483647;
			files = (
				47CEE7C7299F1FBC00AB93B0 /* ViewController.swift in Sources */,
				47CEE7DA299F252600AB93B0 /* LoaderView.swift in Sources */,
				47CEE7C3299F1FBC00AB93B0 /* AppDelegate.swift in Sources */,
				47CEE7C5299F1FBC00AB93B0 /* SceneDelegate.swift in Sources */,
			);
			runOnlyForDeploymentPostprocessing = 0;
		};
/* End PBXSourcesBuildPhase section */

/* Begin PBXVariantGroup section */
		47CEE7C8299F1FBC00AB93B0 /* Main.storyboard */ = {
			isa = PBXVariantGroup;
			children = (
				47CEE7C9299F1FBC00AB93B0 /* Base */,
			);
			name = Main.storyboard;
			sourceTree = "<group>";
		};
		47CEE7CD299F1FBF00AB93B0 /* LaunchScreen.storyboard */ = {
			isa = PBXVariantGroup;
			children = (
				47CEE7CE299F1FBF00AB93B0 /* Base */,
			);
			name = LaunchScreen.storyboard;
			sourceTree = "<group>";
		};
/* End PBXVariantGroup section */

/* Begin XCBuildConfiguration section */
		47CEE7D1299F1FBF00AB93B0 /* Debug */ = {
			isa = XCBuildConfiguration;
			buildSettings = {
				ALWAYS_SEARCH_USER_PATHS = NO;
				CLANG_ANALYZER_NONNULL = YES;
				CLANG_ANALYZER_NUMBER_OBJECT_CONVERSION = YES_AGGRESSIVE;
				CLANG_CXX_LANGUAGE_STANDARD = "gnu++20";
				CLANG_ENABLE_MODULES = YES;
				CLANG_ENABLE_OBJC_ARC = YES;
				CLANG_ENABLE_OBJC_WEAK = YES;
				CLANG_WARN_BLOCK_CAPTURE_AUTORELEASING = YES;
				CLANG_WARN_BOOL_CONVERSION = YES;
				CLANG_WARN_COMMA = YES;
				CLANG_WARN_CONSTANT_CONVERSION = YES;
				CLANG_WARN_DEPRECATED_OBJC_IMPLEMENTATIONS = YES;
				CLANG_WARN_DIRECT_OBJC_ISA_USAGE = YES_ERROR;
				CLANG_WARN_DOCUMENTATION_COMMENTS = YES;
				CLANG_WARN_EMPTY_BODY = YES;
				CLANG_WARN_ENUM_CONVERSION = YES;
				CLANG_WARN_INFINITE_RECURSION = YES;
				CLANG_WARN_INT_CONVERSION = YES;
				CLANG_WARN_NON_LITERAL_NULL_CONVERSION = YES;
				CLANG_WARN_OBJC_IMPLICIT_RETAIN_SELF = YES;
				CLANG_WARN_OBJC_LITERAL_CONVERSION = YES;
				CLANG_WARN_OBJC_ROOT_CLASS = YES_ERROR;
				CLANG_WARN_QUOTED_INCLUDE_IN_FRAMEWORK_HEADER = YES;
				CLANG_WARN_RANGE_LOOP_ANALYSIS = YES;
				CLANG_WARN_STRICT_PROTOTYPES = YES;
				CLANG_WARN_SUSPICIOUS_MOVE = YES;
				CLANG_WARN_UNGUARDED_AVAILABILITY = YES_AGGRESSIVE;
				CLANG_WARN_UNREACHABLE_CODE = YES;
				CLANG_WARN__DUPLICATE_METHOD_MATCH = YES;
				COPY_PHASE_STRIP = NO;
				DEBUG_INFORMATION_FORMAT = dwarf;
				ENABLE_STRICT_OBJC_MSGSEND = YES;
				ENABLE_TESTABILITY = YES;
				GCC_C_LANGUAGE_STANDARD = gnu11;
				GCC_DYNAMIC_NO_PIC = NO;
				GCC_NO_COMMON_BLOCKS = YES;
				GCC_OPTIMIZATION_LEVEL = 0;
				GCC_PREPROCESSOR_DEFINITIONS = (
					"DEBUG=1",
					"$(inherited)",
				);
				GCC_WARN_64_TO_32_BIT_CONVERSION = YES;
				GCC_WARN_ABOUT_RETURN_TYPE = YES_ERROR;
				GCC_WARN_UNDECLARED_SELECTOR = YES;
				GCC_WARN_UNINITIALIZED_AUTOS = YES_AGGRESSIVE;
				GCC_WARN_UNUSED_FUNCTION = YES;
				GCC_WARN_UNUSED_VARIABLE = YES;
				IPHONEOS_DEPLOYMENT_TARGET = 16.2;
				MTL_ENABLE_DEBUG_INFO = INCLUDE_SOURCE;
				MTL_FAST_MATH = YES;
				ONLY_ACTIVE_ARCH = YES;
				SDKROOT = iphoneos;
				SWIFT_ACTIVE_COMPILATION_CONDITIONS = DEBUG;
				SWIFT_OPTIMIZATION_LEVEL = "-Onone";
			};
			name = Debug;
		};
		47CEE7D2299F1FBF00AB93B0 /* Release */ = {
			isa = XCBuildConfiguration;
			buildSettings = {
				ALWAYS_SEARCH_USER_PATHS = NO;
				CLANG_ANALYZER_NONNULL = YES;
				CLANG_ANALYZER_NUMBER_OBJECT_CONVERSION = YES_AGGRESSIVE;
				CLANG_CXX_LANGUAGE_STANDARD = "gnu++20";
				CLANG_ENABLE_MODULES = YES;
				CLANG_ENABLE_OBJC_ARC = YES;
				CLANG_ENABLE_OBJC_WEAK = YES;
				CLANG_WARN_BLOCK_CAPTURE_AUTORELEASING = YES;
				CLANG_WARN_BOOL_CONVERSION = YES;
				CLANG_WARN_COMMA = YES;
				CLANG_WARN_CONSTANT_CONVERSION = YES;
				CLANG_WARN_DEPRECATED_OBJC_IMPLEMENTATIONS = YES;
				CLANG_WARN_DIRECT_OBJC_ISA_USAGE = YES_ERROR;
				CLANG_WARN_DOCUMENTATION_COMMENTS = YES;
				CLANG_WARN_EMPTY_BODY = YES;
				CLANG_WARN_ENUM_CONVERSION = YES;
				CLANG_WARN_INFINITE_RECURSION = YES;
				CLANG_WARN_INT_CONVERSION = YES;
				CLANG_WARN_NON_LITERAL_NULL_CONVERSION = YES;
				CLANG_WARN_OBJC_IMPLICIT_RETAIN_SELF = YES;
				CLANG_WARN_OBJC_LITERAL_CONVERSION = YES;
				CLANG_WARN_OBJC_ROOT_CLASS = YES_ERROR;
				CLANG_WARN_QUOTED_INCLUDE_IN_FRAMEWORK_HEADER = YES;
				CLANG_WARN_RANGE_LOOP_ANALYSIS = YES;
				CLANG_WARN_STRICT_PROTOTYPES = YES;
				CLANG_WARN_SUSPICIOUS_MOVE = YES;
				CLANG_WARN_UNGUARDED_AVAILABILITY = YES_AGGRESSIVE;
				CLANG_WARN_UNREACHABLE_CODE = YES;
				CLANG_WARN__DUPLICATE_METHOD_MATCH = YES;
				COPY_PHASE_STRIP = NO;
				DEBUG_INFORMATION_FORMAT = "dwarf-with-dsym";
				ENABLE_NS_ASSERTIONS = NO;
				ENABLE_STRICT_OBJC_MSGSEND = YES;
				GCC_C_LANGUAGE_STANDARD = gnu11;
				GCC_NO_COMMON_BLOCKS = YES;
				GCC_WARN_64_TO_32_BIT_CONVERSION = YES;
				GCC_WARN_ABOUT_RETURN_TYPE = YES_ERROR;
				GCC_WARN_UNDECLARED_SELECTOR = YES;
				GCC_WARN_UNINITIALIZED_AUTOS = YES_AGGRESSIVE;
				GCC_WARN_UNUSED_FUNCTION = YES;
				GCC_WARN_UNUSED_VARIABLE = YES;
				IPHONEOS_DEPLOYMENT_TARGET = 16.2;
				MTL_ENABLE_DEBUG_INFO = NO;
				MTL_FAST_MATH = YES;
				SDKROOT = iphoneos;
				SWIFT_COMPILATION_MODE = wholemodule;
				SWIFT_OPTIMIZATION_LEVEL = "-O";
				VALIDATE_PRODUCT = YES;
			};
			name = Release;
		};
		47CEE7D4299F1FBF00AB93B0 /* Debug */ = {
			isa = XCBuildConfiguration;
			buildSettings = {
				ASSETCATALOG_COMPILER_APPICON_NAME = AppIcon;
				ASSETCATALOG_COMPILER_GLOBAL_ACCENT_COLOR_NAME = AccentColor;
				CODE_SIGN_STYLE = Automatic;
				CURRENT_PROJECT_VERSION = 1;
				DEVELOPMENT_TEAM = ATK5TL742F;
				GENERATE_INFOPLIST_FILE = YES;
				INFOPLIST_FILE = Practica1/Info.plist;
				INFOPLIST_KEY_UIApplicationSupportsIndirectInputEvents = YES;
				INFOPLIST_KEY_UILaunchStoryboardName = LaunchScreen;
				INFOPLIST_KEY_UIMainStoryboardFile = Main;
				INFOPLIST_KEY_UISupportedInterfaceOrientations_iPad = "UIInterfaceOrientationPortrait UIInterfaceOrientationPortraitUpsideDown UIInterfaceOrientationLandscapeLeft UIInterfaceOrientationLandscapeRight";
				INFOPLIST_KEY_UISupportedInterfaceOrientations_iPhone = "UIInterfaceOrientationPortrait UIInterfaceOrientationLandscapeLeft UIInterfaceOrientationLandscapeRight";
				LD_RUNPATH_SEARCH_PATHS = (
					"$(inherited)",
					"@executable_path/Frameworks",
				);
				MARKETING_VERSION = 1.0;
				PRODUCT_BUNDLE_IDENTIFIER = avila.jorgearmando.Animations.Practica1;
				PRODUCT_NAME = "$(TARGET_NAME)";
				SWIFT_EMIT_LOC_STRINGS = YES;
				SWIFT_VERSION = 5.0;
				TARGETED_DEVICE_FAMILY = "1,2";
			};
			name = Debug;
		};
		47CEE7D5299F1FBF00AB93B0 /* Release */ = {
			isa = XCBuildConfiguration;
			buildSettings = {
				ASSETCATALOG_COMPILER_APPICON_NAME = AppIcon;
				ASSETCATALOG_COMPILER_GLOBAL_ACCENT_COLOR_NAME = AccentColor;
				CODE_SIGN_STYLE = Automatic;
				CURRENT_PROJECT_VERSION = 1;
				DEVELOPMENT_TEAM = ATK5TL742F;
				GENERATE_INFOPLIST_FILE = YES;
				INFOPLIST_FILE = Practica1/Info.plist;
				INFOPLIST_KEY_UIApplicationSupportsIndirectInputEvents = YES;
				INFOPLIST_KEY_UILaunchStoryboardName = LaunchScreen;
				INFOPLIST_KEY_UIMainStoryboardFile = Main;
				INFOPLIST_KEY_UISupportedInterfaceOrientations_iPad = "UIInterfaceOrientationPortrait UIInterfaceOrientationPortraitUpsideDown UIInterfaceOrientationLandscapeLeft UIInterfaceOrientationLandscapeRight";
				INFOPLIST_KEY_UISupportedInterfaceOrientations_iPhone = "UIInterfaceOrientationPortrait UIInterfaceOrientationLandscapeLeft UIInterfaceOrientationLandscapeRight";
				LD_RUNPATH_SEARCH_PATHS = (
					"$(inherited)",
					"@executable_path/Frameworks",
				);
				MARKETING_VERSION = 1.0;
				PRODUCT_BUNDLE_IDENTIFIER = avila.jorgearmando.Animations.Practica1;
				PRODUCT_NAME = "$(TARGET_NAME)";
				SWIFT_EMIT_LOC_STRINGS = YES;
				SWIFT_VERSION = 5.0;
				TARGETED_DEVICE_FAMILY = "1,2";
			};
			name = Release;
		};
/* End XCBuildConfiguration section */

/* Begin XCConfigurationList section */
		47CEE7BA299F1FBC00AB93B0 /* Build configuration list for PBXProject "Practica1" */ = {
			isa = XCConfigurationList;
			buildConfigurations = (
				47CEE7D1299F1FBF00AB93B0 /* Debug */,
				47CEE7D2299F1FBF00AB93B0 /* Release */,
			);
			defaultConfigurationIsVisible = 0;
			defaultConfigurationName = Release;
		};
		47CEE7D3299F1FBF00AB93B0 /* Build configuration list for PBXNativeTarget "Practica1" */ = {
			isa = XCConfigurationList;
			buildConfigurations = (
				47CEE7D4299F1FBF00AB93B0 /* Debug */,
				47CEE7D5299F1FBF00AB93B0 /* Release */,
			);
			defaultConfigurationIsVisible = 0;
			defaultConfigurationName = Release;
		};
/* End XCConfigurationList section */

/* Begin XCRemoteSwiftPackageReference section */
		47CEE7D6299F235D00AB93B0 /* XCRemoteSwiftPackageReference "lottie-ios" */ = {
			isa = XCRemoteSwiftPackageReference;
			repositoryURL = "https://github.com/airbnb/lottie-ios.git";
			requirement = {
				kind = upToNextMajorVersion;
				minimumVersion = 4.0.0;
			};
		};
/* End XCRemoteSwiftPackageReference section */

/* Begin XCSwiftPackageProductDependency section */
		47CEE7D7299F235D00AB93B0 /* Lottie */ = {
			isa = XCSwiftPackageProductDependency;
			package = 47CEE7D6299F235D00AB93B0 /* XCRemoteSwiftPackageReference "lottie-ios" */;
			productName = Lottie;
		};
/* End XCSwiftPackageProductDependency section */
	};
	rootObject = 47CEE7B7299F1FBC00AB93B0 /* Project object */;
}
